
Microsoft Visual Studio Solution File, Format Version 12.00
# Visual Studio Version 17
VisualStudioVersion = 17.2.32526.322
MinimumVisualStudioVersion = 10.0.40219.1
Project("{FAE04EC0-301F-11D3-BF4B-00C04F79EFBC}") = "randomrgb", "randomrgb\randomrgb.csproj", "{BB0B5A0C-AE04-4588-A3A6-09B9FCC7E377}"
EndProject
Global
	GlobalSection(SolutionConfigurationPlatforms) = preSolution
		Debug|Any CPU = Debug|Any CPU
		Release|Any CPU = Release|Any CPU
	EndGlobalSection
	GlobalSection(ProjectConfigurationPlatforms) = postSolution
		{BB0B5A0C-AE04-4588-A3A6-09B9FCC7E377}.Debug|Any CPU.ActiveCfg = Debug|Any CPU
		{BB0B5A0C-AE04-4588-A3A6-09B9FCC7E377}.Debug|Any CPU.Build.0 = Debug|Any CPU
		{BB0B5A0C-AE04-4588-A3A6-09B9FCC7E377}.Release|Any CPU.ActiveCfg = Release|Any CPU
		{BB0B5A0C-AE04-4588-A3A6-09B9FCC7E377}.Release|Any CPU.Build.0 = Release|Any CPU
	EndGlobalSection
	GlobalSection(SolutionProperties) = preSolution
		HideSolutionNode = FALSE
	EndGlobalSection
	GlobalSection(ExtensibilityGlobals) = postSolution
		SolutionGuid = {C28EEB7B-CAF9-4685-A74A-40A5E88F37F0}
	EndGlobalSection
EndGlobal
